
Microsoft Visual Studio Solution File, Format Version 12.00
# Visual Studio 14
VisualStudioVersion = 14.0.24720.0
MinimumVisualStudioVersion = 10.0.40219.1
Project("{FAE04EC0-301F-11D3-BF4B-00C04F79EFBC}") = "Week3Homework", "Week3Homework\Week3Homework.csproj", "{8EBE52C0-750F-4571-90B6-1456544AEC1D}"
EndProject
Global
	GlobalSection(SolutionConfigurationPlatforms) = preSolution
		Debug|Any CPU = Debug|Any CPU
		Release|Any CPU = Release|Any CPU
	EndGlobalSection
	GlobalSection(ProjectConfigurationPlatforms) = postSolution
		{8EBE52C0-750F-4571-90B6-1456544AEC1D}.Debug|Any CPU.ActiveCfg = Debug|Any CPU
		{8EBE52C0-750F-4571-90B6-1456544AEC1D}.Debug|Any CPU.Build.0 = Debug|Any CPU
		{8EBE52C0-750F-4571-90B6-1456544AEC1D}.Release|Any CPU.ActiveCfg = Release|Any CPU
		{8EBE52C0-750F-4571-90B6-1456544AEC1D}.Release|Any CPU.Build.0 = Release|Any CPU
	EndGlobalSection
	GlobalSection(SolutionProperties) = preSolution
		HideSolutionNode = FALSE
	EndGlobalSection
EndGlobal
